// !$*UTF8*$!
{
	archiveVersion = 1;
	classes = {
	};
	objectVersion = 56;
	objects = {

/* Begin PBXBuildFile section */
		AA0000000000000000000001 /* ProdScoreApp.swift in Sources */ = {isa = PBXBuildFile; fileRef = AD0000000000000000000001 /* ProdScoreApp.swift */; };
		AA0000000000000000000004 /* Assets.xcassets in Resources */ = {isa = PBXBuildFile; fileRef = AD0000000000000000000004 /* Assets.xcassets */; };
		AA0000000000000000000005 /* ProdScoreWidget.swift in Sources */ = {isa = PBXBuildFile; fileRef = AD0000000000000000000007 /* ProdScoreWidget.swift */; };
		AA0000000000000000000006 /* Assets.xcassets in Resources */ = {isa = PBXBuildFile; fileRef = AD0000000000000000000008 /* Assets.xcassets */; };
		AA0000000000000000000007 /* ProdScoreWidgetExtension.appex in Embed Foundation Extensions */ = {isa = PBXBuildFile; fileRef = AD000000000000000000000C /* ProdScoreWidgetExtension.appex */; settings = {ATTRIBUTES = (RemoveHeadersOnCopy, ); }; };
		AA0000000000000000000010 /* Models.swift in Sources */ = {isa = PBXBuildFile; fileRef = AD0000000000000000000010 /* Models.swift */; };
		AA0000000000000000000011 /* DataStore.swift in Sources */ = {isa = PBXBuildFile; fileRef = AD0000000000000000000011 /* DataStore.swift */; };
		AA0000000000000000000012 /* MotivationalMessages.swift in Sources */ = {isa = PBXBuildFile; fileRef = AD0000000000000000000012 /* MotivationalMessages.swift */; };
		AA0000000000000000000013 /* Theme.swift in Sources */ = {isa = PBXBuildFile; fileRef = AD0000000000000000000013 /* Theme.swift */; };
		AA0000000000000000000014 /* GreenProgressBar.swift in Sources */ = {isa = PBXBuildFile; fileRef = AD0000000000000000000014 /* GreenProgressBar.swift */; };
		AA0000000000000000000015 /* AddHourIntent.swift in Sources */ = {isa = PBXBuildFile; fileRef = AD0000000000000000000015 /* AddHourIntent.swift */; };
		AA0000000000000000000016 /* LinkPreviewFetcher.swift in Sources */ = {isa = PBXBuildFile; fileRef = AD0000000000000000000016 /* LinkPreviewFetcher.swift */; };
		AA0000000000000000000017 /* RootView.swift in Sources */ = {isa = PBXBuildFile; fileRef = AD0000000000000000000017 /* RootView.swift */; };
		AA0000000000000000000018 /* OnboardingView.swift in Sources */ = {isa = PBXBuildFile; fileRef = AD0000000000000000000018 /* OnboardingView.swift */; };
		AA0000000000000000000019 /* ProductListView.swift in Sources */ = {isa = PBXBuildFile; fileRef = AD0000000000000000000019 /* ProductListView.swift */; };
		AA000000000000000000001A /* ProductCardView.swift in Sources */ = {isa = PBXBuildFile; fileRef = AD000000000000000000001A /* ProductCardView.swift */; };
		AA000000000000000000001B /* AddProductView.swift in Sources */ = {isa = PBXBuildFile; fileRef = AD000000000000000000001B /* AddProductView.swift */; };
		AA000000000000000000001C /* ProductDetailView.swift in Sources */ = {isa = PBXBuildFile; fileRef = AD000000000000000000001C /* ProductDetailView.swift */; };
		AA000000000000000000001D /* SettingsView.swift in Sources */ = {isa = PBXBuildFile; fileRef = AD000000000000000000001D /* SettingsView.swift */; };
		AA000000000000000000001E /* ChargesView.swift in Sources */ = {isa = PBXBuildFile; fileRef = AD000000000000000000001E /* ChargesView.swift */; };
		AA0000000000000000000020 /* Models.swift in Sources */ = {isa = PBXBuildFile; fileRef = AD0000000000000000000010 /* Models.swift */; };
		AA0000000000000000000021 /* DataStore.swift in Sources */ = {isa = PBXBuildFile; fileRef = AD0000000000000000000011 /* DataStore.swift */; };
		AA0000000000000000000022 /* MotivationalMessages.swift in Sources */ = {isa = PBXBuildFile; fileRef = AD0000000000000000000012 /* MotivationalMessages.swift */; };
		AA0000000000000000000023 /* Theme.swift in Sources */ = {isa = PBXBuildFile; fileRef = AD0000000000000000000013 /* Theme.swift */; };
		AA0000000000000000000024 /* GreenProgressBar.swift in Sources */ = {isa = PBXBuildFile; fileRef = AD0000000000000000000014 /* GreenProgressBar.swift */; };
		AA0000000000000000000025 /* AddHourIntent.swift in Sources */ = {isa = PBXBuildFile; fileRef = AD0000000000000000000015 /* AddHourIntent.swift */; };
/* End PBXBuildFile section */

/* Begin PBXContainerItemProxy section */
		AB0000000000000000000001 /* PBXContainerItemProxy */ = {
			isa = PBXContainerItemProxy;
			containerPortal = B10000000000000000000001 /* Project object */;
			proxyType = 1;
			remoteGlobalIDString = B00000000000000000000002;
			remoteInfo = ProdScoreWidgetExtension;
		};
/* End PBXContainerItemProxy section */

/* Begin PBXCopyFilesBuildPhase section */
		AC0000000000000000000001 /* Embed Foundation Extensions */ = {
			isa = PBXCopyFilesBuildPhase;
			buildActionMask = 2147483647;
			dstPath = "";
			dstSubfolderSpec = 13;
			files = (
				AA0000000000000000000007 /* ProdScoreWidgetExtension.appex in Embed Foundation Extensions */,
			);
			name = "Embed Foundation Extensions";
			runOnlyForDeploymentPostprocessing = 0;
		};
/* End PBXCopyFilesBuildPhase section */

/* Begin PBXFileReference section */
		AD0000000000000000000001 /* ProdScoreApp.swift */ = {isa = PBXFileReference; lastKnownFileType = sourcecode.swift; path = ProdScoreApp.swift; sourceTree = "<group>"; };
		AD0000000000000000000004 /* Assets.xcassets */ = {isa = PBXFileReference; lastKnownFileType = folder.assetcatalog; path = Assets.xcassets; sourceTree = "<group>"; };
		AD0000000000000000000005 /* Info.plist */ = {isa = PBXFileReference; lastKnownFileType = text.plist.xml; path = Info.plist; sourceTree = "<group>"; };
		AD0000000000000000000006 /* ProdScore.entitlements */ = {isa = PBXFileReference; lastKnownFileType = text.plist.entitlements; path = ProdScore.entitlements; sourceTree = "<group>"; };
		AD0000000000000000000007 /* ProdScoreWidget.swift */ = {isa = PBXFileReference; lastKnownFileType = sourcecode.swift; path = ProdScoreWidget.swift; sourceTree = "<group>"; };
		AD0000000000000000000008 /* Assets.xcassets */ = {isa = PBXFileReference; lastKnownFileType = folder.assetcatalog; path = Assets.xcassets; sourceTree = "<group>"; };
		AD0000000000000000000009 /* Info.plist */ = {isa = PBXFileReference; lastKnownFileType = text.plist.xml; path = Info.plist; sourceTree = "<group>"; };
		AD000000000000000000000A /* ProdScoreWidgetExtension.entitlements */ = {isa = PBXFileReference; lastKnownFileType = text.plist.entitlements; path = ProdScoreWidgetExtension.entitlements; sourceTree = "<group>"; };
		AD000000000000000000000B /* ProdScore.app */ = {isa = PBXFileReference; explicitFileType = wrapper.application; includeInIndex = 0; path = ProdScore.app; sourceTree = BUILT_PRODUCTS_DIR; };
		AD000000000000000000000C /* ProdScoreWidgetExtension.appex */ = {isa = PBXFileReference; explicitFileType = "wrapper.app-extension"; includeInIndex = 0; path = ProdScoreWidgetExtension.appex; sourceTree = BUILT_PRODUCTS_DIR; };
		AD0000000000000000000010 /* Models.swift */ = {isa = PBXFileReference; lastKnownFileType = sourcecode.swift; path = Models.swift; sourceTree = "<group>"; };
		AD0000000000000000000011 /* DataStore.swift */ = {isa = PBXFileReference; lastKnownFileType = sourcecode.swift; path = DataStore.swift; sourceTree = "<group>"; };
		AD0000000000000000000012 /* MotivationalMessages.swift */ = {isa = PBXFileReference; lastKnownFileType = sourcecode.swift; path = MotivationalMessages.swift; sourceTree = "<group>"; };
		AD0000000000000000000013 /* Theme.swift */ = {isa = PBXFileReference; lastKnownFileType = sourcecode.swift; path = Theme.swift; sourceTree = "<group>"; };
		AD0000000000000000000014 /* GreenProgressBar.swift */ = {isa = PBXFileReference; lastKnownFileType = sourcecode.swift; path = GreenProgressBar.swift; sourceTree = "<group>"; };
		AD0000000000000000000015 /* AddHourIntent.swift */ = {isa = PBXFileReference; lastKnownFileType = sourcecode.swift; path = AddHourIntent.swift; sourceTree = "<group>"; };
		AD0000000000000000000016 /* LinkPreviewFetcher.swift */ = {isa = PBXFileReference; lastKnownFileType = sourcecode.swift; path = LinkPreviewFetcher.swift; sourceTree = "<group>"; };
		AD0000000000000000000017 /* RootView.swift */ = {isa = PBXFileReference; lastKnownFileType = sourcecode.swift; path = RootView.swift; sourceTree = "<group>"; };
		AD0000000000000000000018 /* OnboardingView.swift */ = {isa = PBXFileReference; lastKnownFileType = sourcecode.swift; path = OnboardingView.swift; sourceTree = "<group>"; };
		AD0000000000000000000019 /* ProductListView.swift */ = {isa = PBXFileReference; lastKnownFileType = sourcecode.swift; path = ProductListView.swift; sourceTree = "<group>"; };
		AD000000000000000000001A /* ProductCardView.swift */ = {isa = PBXFileReference; lastKnownFileType = sourcecode.swift; path = ProductCardView.swift; sourceTree = "<group>"; };
		AD000000000000000000001B /* AddProductView.swift */ = {isa = PBXFileReference; lastKnownFileType = sourcecode.swift; path = AddProductView.swift; sourceTree = "<group>"; };
		AD000000000000000000001C /* ProductDetailView.swift */ = {isa = PBXFileReference; lastKnownFileType = sourcecode.swift; path = ProductDetailView.swift; sourceTree = "<group>"; };
		AD000000000000000000001D /* SettingsView.swift */ = {isa = PBXFileReference; lastKnownFileType = sourcecode.swift; path = SettingsView.swift; sourceTree = "<group>"; };
		AD000000000000000000001E /* ChargesView.swift */ = {isa = PBXFileReference; lastKnownFileType = sourcecode.swift; path = ChargesView.swift; sourceTree = "<group>"; };
/* End PBXFileReference section */

/* Begin PBXFrameworksBuildPhase section */
		AE0000000000000000000001 /* Frameworks */ = {
			isa = PBXFrameworksBuildPhase;
			buildActionMask = 2147483647;
			files = (
			);
			runOnlyForDeploymentPostprocessing = 0;
		};
		AE0000000000000000000002 /* Frameworks */ = {
			isa = PBXFrameworksBuildPhase;
			buildActionMask = 2147483647;
			files = (
			);
			runOnlyForDeploymentPostprocessing = 0;
		};
/* End PBXFrameworksBuildPhase section */

/* Begin PBXGroup section */
		AF0000000000000000000001 = {
			isa = PBXGroup;
			children = (
				AF0000000000000000000002 /* ProdScore */,
				AF0000000000000000000003 /* ProdScoreWidget */,
				AF0000000000000000000004 /* Products */,
			);
			sourceTree = "<group>";
		};
		AF0000000000000000000002 /* ProdScore */ = {
			isa = PBXGroup;
			children = (
				AD0000000000000000000006 /* ProdScore.entitlements */,
				AD0000000000000000000001 /* ProdScoreApp.swift */,
				AD0000000000000000000010 /* Models.swift */,
				AD0000000000000000000011 /* DataStore.swift */,
				AD0000000000000000000012 /* MotivationalMessages.swift */,
				AD0000000000000000000013 /* Theme.swift */,
				AD0000000000000000000014 /* GreenProgressBar.swift */,
				AD0000000000000000000015 /* AddHourIntent.swift */,
				AD0000000000000000000016 /* LinkPreviewFetcher.swift */,
				AD0000000000000000000017 /* RootView.swift */,
				AD0000000000000000000018 /* OnboardingView.swift */,
				AD0000000000000000000019 /* ProductListView.swift */,
				AD000000000000000000001A /* ProductCardView.swift */,
				AD000000000000000000001B /* AddProductView.swift */,
				AD000000000000000000001C /* ProductDetailView.swift */,
				AD000000000000000000001D /* SettingsView.swift */,
				AD000000000000000000001E /* ChargesView.swift */,
				AD0000000000000000000004 /* Assets.xcassets */,
				AD0000000000000000000005 /* Info.plist */,
			);
			path = ProdScore;
			sourceTree = "<group>";
		};
		AF0000000000000000000003 /* ProdScoreWidget */ = {
			isa = PBXGroup;
			children = (
				AD000000000000000000000A /* ProdScoreWidgetExtension.entitlements */,
				AD0000000000000000000007 /* ProdScoreWidget.swift */,
				AD0000000000000000000008 /* Assets.xcassets */,
				AD0000000000000000000009 /* Info.plist */,
			);
			path = ProdScoreWidget;
			sourceTree = "<group>";
		};
		AF0000000000000000000004 /* Products */ = {
			isa = PBXGroup;
			children = (
				AD000000000000000000000B /* ProdScore.app */,
				AD000000000000000000000C /* ProdScoreWidgetExtension.appex */,
			);
			name = Products;
			sourceTree = "<group>";
		};
/* End PBXGroup section */

/* Begin PBXNativeTarget section */
		B00000000000000000000001 /* ProdScore */ = {
			isa = PBXNativeTarget;
			buildConfigurationList = B60000000000000000000002 /* Build configuration list for PBXNativeTarget "ProdScore" */;
			buildPhases = (
				B30000000000000000000001 /* Sources */,
				AE0000000000000000000001 /* Frameworks */,
				B20000000000000000000001 /* Resources */,
				AC0000000000000000000001 /* Embed Foundation Extensions */,
			);
			buildRules = (
			);
			dependencies = (
				B40000000000000000000001 /* PBXTargetDependency */,
			);
			name = ProdScore;
			productName = ProdScore;
			productReference = AD000000000000000000000B /* ProdScore.app */;
			productType = "com.apple.product-type.application";
		};
		B00000000000000000000002 /* ProdScoreWidgetExtension */ = {
			isa = PBXNativeTarget;
			buildConfigurationList = B60000000000000000000003 /* Build configuration list for PBXNativeTarget "ProdScoreWidgetExtension" */;
			buildPhases = (
				B30000000000000000000002 /* Sources */,
				AE0000000000000000000002 /* Frameworks */,
				B20000000000000000000002 /* Resources */,
			);
			buildRules = (
			);
			dependencies = (
			);
			name = ProdScoreWidgetExtension;
			productName = ProdScoreWidgetExtension;
			productReference = AD000000000000000000000C /* ProdScoreWidgetExtension.appex */;
			productType = "com.apple.product-type.app-extension";
		};
/* End PBXNativeTarget section */

/* Begin PBXProject section */
		B10000000000000000000001 /* Project object */ = {
			isa = PBXProject;
			attributes = {
				BuildIndependentTargetsInParallel = 1;
				LastSwiftUpdateCheck = 1540;
				LastUpgradeCheck = 1540;
				TargetAttributes = {
					B00000000000000000000001 = {
						CreatedOnToolsVersion = 15.4;
					};
					B00000000000000000000002 = {
						CreatedOnToolsVersion = 15.4;
					};
				};
			};
			buildConfigurationList = B60000000000000000000001 /* Build configuration list for PBXProject "ProdScore" */;
			compatibilityVersion = "Xcode 14.0";
			developmentRegion = fr;
			hasScannedForEncodings = 0;
			knownRegions = (
				fr,
				Base,
			);
			mainGroup = AF0000000000000000000001;
			productRefGroup = AF0000000000000000000004 /* Products */;
			projectDirPath = "";
			projectRoot = "";
			targets = (
				B00000000000000000000001 /* ProdScore */,
				B00000000000000000000002 /* ProdScoreWidgetExtension */,
			);
		};
/* End PBXProject section */

/* Begin PBXResourcesBuildPhase section */
		B20000000000000000000001 /* Resources */ = {
			isa = PBXResourcesBuildPhase;
			buildActionMask = 2147483647;
			files = (
				AA0000000000000000000004 /* Assets.xcassets in Resources */,
			);
			runOnlyForDeploymentPostprocessing = 0;
		};
		B20000000000000000000002 /* Resources */ = {
			isa = PBXResourcesBuildPhase;
			buildActionMask = 2147483647;
			files = (
				AA0000000000000000000006 /* Assets.xcassets in Resources */,
			);
			runOnlyForDeploymentPostprocessing = 0;
		};
/* End PBXResourcesBuildPhase section */

/* Begin PBXSourcesBuildPhase section */
		B30000000000000000000001 /* Sources */ = {
			isa = PBXSourcesBuildPhase;
			buildActionMask = 2147483647;
			files = (
				AA0000000000000000000001 /* ProdScoreApp.swift in Sources */,
				AA0000000000000000000010 /* Models.swift in Sources */,
				AA0000000000000000000011 /* DataStore.swift in Sources */,
				AA0000000000000000000012 /* MotivationalMessages.swift in Sources */,
				AA0000000000000000000013 /* Theme.swift in Sources */,
				AA0000000000000000000014 /* GreenProgressBar.swift in Sources */,
				AA0000000000000000000015 /* AddHourIntent.swift in Sources */,
				AA0000000000000000000016 /* LinkPreviewFetcher.swift in Sources */,
				AA0000000000000000000017 /* RootView.swift in Sources */,
				AA0000000000000000000018 /* OnboardingView.swift in Sources */,
				AA0000000000000000000019 /* ProductListView.swift in Sources */,
				AA000000000000000000001A /* ProductCardView.swift in Sources */,
				AA000000000000000000001B /* AddProductView.swift in Sources */,
				AA000000000000000000001C /* ProductDetailView.swift in Sources */,
				AA000000000000000000001D /* SettingsView.swift in Sources */,
				AA000000000000000000001E /* ChargesView.swift in Sources */,
			);
			runOnlyForDeploymentPostprocessing = 0;
		};
		B30000000000000000000002 /* Sources */ = {
			isa = PBXSourcesBuildPhase;
			buildActionMask = 2147483647;
			files = (
				AA0000000000000000000005 /* ProdScoreWidget.swift in Sources */,
				AA0000000000000000000020 /* Models.swift in Sources */,
				AA0000000000000000000021 /* DataStore.swift in Sources */,
				AA0000000000000000000022 /* MotivationalMessages.swift in Sources */,
				AA0000000000000000000023 /* Theme.swift in Sources */,
				AA0000000000000000000024 /* GreenProgressBar.swift in Sources */,
				AA0000000000000000000025 /* AddHourIntent.swift in Sources */,
			);
			runOnlyForDeploymentPostprocessing = 0;
		};
/* End PBXSourcesBuildPhase section */

/* Begin PBXTargetDependency section */
		B40000000000000000000001 /* PBXTargetDependency */ = {
			isa = PBXTargetDependency;
			target = B00000000000000000000002 /* ProdScoreWidgetExtension */;
			targetProxy = AB0000000000000000000001 /* PBXContainerItemProxy */;
		};
/* End PBXTargetDependency section */

/* Begin XCBuildConfiguration section */
		B50000000000000000000001 /* Debug */ = {
			isa = XCBuildConfiguration;
			buildSettings = {
				ALWAYS_SEARCH_USER_PATHS = NO;
				ASSETCATALOG_COMPILER_GENERATE_SWIFT_ASSET_SYMBOL_EXTENSIONS = YES;
				CLANG_ANALYZER_NONNULL = YES;
				CLANG_ANALYZER_NUMBER_OBJECT_CONVERSION = YES_AGGRESSIVE;
				CLANG_CXX_LANGUAGE_STANDARD = "gnu++20";
				CLANG_ENABLE_MODULES = YES;
				CLANG_ENABLE_OBJC_ARC = YES;
				CLANG_ENABLE_OBJC_WEAK = YES;
				CLANG_WARN_BLOCK_CAPTURE_AUTORELEASING = YES;
				CLANG_WARN_BOOL_CONVERSION = YES;
				CLANG_WARN_COMMA = YES;
				CLANG_WARN_CONSTANT_CONVERSION = YES;
				CLANG_WARN_DEPRECATED_OBJC_IMPLEMENTATIONS = YES;
				CLANG_WARN_DIRECT_OBJC_ISA_USAGE = YES_ERROR;
				CLANG_WARN_DOCUMENTATION_COMMENTS = YES;
				CLANG_WARN_EMPTY_BODY = YES;
				CLANG_WARN_ENUM_CONVERSION = YES;
				CLANG_WARN_INFINITE_RECURSION = YES;
				CLANG_WARN_INT_CONVERSION = YES;
				CLANG_WARN_NON_LITERAL_NULL_CONVERSION = YES;
				CLANG_WARN_OBJC_IMPLICIT_RETAIN_SELF = YES;
				CLANG_WARN_OBJC_LITERAL_CONVERSION = YES;
				CLANG_WARN_OBJC_ROOT_CLASS = YES_ERROR;
				CLANG_WARN_QUOTED_INCLUDE_IN_FRAMEWORK_HEADER = YES;
				CLANG_WARN_RANGE_LOOP_ANALYSIS = YES;
				CLANG_WARN_STRICT_PROTOTYPES = YES;
				CLANG_WARN_SUSPICIOUS_MOVE = YES;
				CLANG_WARN_UNGUARDED_AVAILABILITY = YES_AGGRESSIVE;
				CLANG_WARN_UNREACHABLE_CODE = YES;
				CLANG_WARN__DUPLICATE_METHOD_MATCH = YES;
				COPY_PHASE_STRIP = NO;
				DEBUG_INFORMATION_FORMAT = dwarf;
				ENABLE_STRICT_OBJC_MSGSEND = YES;
				ENABLE_TESTABILITY = YES;
				ENABLE_USER_SCRIPT_SANDBOXING = YES;
				GCC_C_LANGUAGE_STANDARD = gnu17;
				GCC_DYNAMIC_NO_PIC = NO;
				GCC_NO_COMMON_BLOCKS = YES;
				GCC_OPTIMIZATION_LEVEL = 0;
				GCC_PREPROCESSOR_DEFINITIONS = (
					"DEBUG=1",
					"$(inherited)",
				);
				GCC_WARN_64_TO_32_BIT_CONVERSION = YES;
				GCC_WARN_ABOUT_RETURN_TYPE = YES_ERROR;
				GCC_WARN_UNDECLARED_SELECTOR = YES;
				GCC_WARN_UNINITIALIZED_AUTOS = YES_AGGRESSIVE;
				GCC_WARN_UNUSED_FUNCTION = YES;
				GCC_WARN_UNUSED_VARIABLE = YES;
				IPHONEOS_DEPLOYMENT_TARGET = 17.0;
				LOCALIZATION_PREFERS_STRING_CATALOGS = YES;
				MTL_ENABLE_DEBUG_INFO = INCLUDE_SOURCE;
				MTL_FAST_MATH = YES;
				ONLY_ACTIVE_ARCH = YES;
				SDKROOT = iphoneos;
				SWIFT_ACTIVE_COMPILATION_CONDITIONS = "$(inherited) DEBUG";
				SWIFT_OPTIMIZATION_LEVEL = "-Onone";
			};
			name = Debug;
		};
		B50000000000000000000002 /* Release */ = {
			isa = XCBuildConfiguration;
			buildSettings = {
				ALWAYS_SEARCH_USER_PATHS = NO;
				ASSETCATALOG_COMPILER_GENERATE_SWIFT_ASSET_SYMBOL_EXTENSIONS = YES;
				CLANG_ANALYZER_NONNULL = YES;
				CLANG_ANALYZER_NUMBER_OBJECT_CONVERSION = YES_AGGRESSIVE;
				CLANG_CXX_LANGUAGE_STANDARD = "gnu++20";
				CLANG_ENABLE_MODULES = YES;
				CLANG_ENABLE_OBJC_ARC = YES;
				CLANG_ENABLE_OBJC_WEAK = YES;
				CLANG_WARN_BLOCK_CAPTURE_AUTORELEASING = YES;
				CLANG_WARN_BOOL_CONVERSION = YES;
				CLANG_WARN_COMMA = YES;
				CLANG_WARN_CONSTANT_CONVERSION = YES;
				CLANG_WARN_DEPRECATED_OBJC_IMPLEMENTATIONS = YES;
				CLANG_WARN_DIRECT_OBJC_ISA_USAGE = YES_ERROR;
				CLANG_WARN_DOCUMENTATION_COMMENTS = YES;
				CLANG_WARN_EMPTY_BODY = YES;
				CLANG_WARN_ENUM_CONVERSION = YES;
				CLANG_WARN_INFINITE_RECURSION = YES;
				CLANG_WARN_INT_CONVERSION = YES;
				CLANG_WARN_NON_LITERAL_NULL_CONVERSION = YES;
				CLANG_WARN_OBJC_IMPLICIT_RETAIN_SELF = YES;
				CLANG_WARN_OBJC_LITERAL_CONVERSION = YES;
				CLANG_WARN_OBJC_ROOT_CLASS = YES_ERROR;
				CLANG_WARN_QUOTED_INCLUDE_IN_FRAMEWORK_HEADER = YES;
				CLANG_WARN_RANGE_LOOP_ANALYSIS = YES;
				CLANG_WARN_STRICT_PROTOTYPES = YES;
				CLANG_WARN_SUSPICIOUS_MOVE = YES;
				CLANG_WARN_UNGUARDED_AVAILABILITY = YES_AGGRESSIVE;
				CLANG_WARN_UNREACHABLE_CODE = YES;
				CLANG_WARN__DUPLICATE_METHOD_MATCH = YES;
				COPY_PHASE_STRIP = NO;
				DEBUG_INFORMATION_FORMAT = "dwarf-with-dsym";
				ENABLE_NS_ASSERTIONS = NO;
				ENABLE_STRICT_OBJC_MSGSEND = YES;
				ENABLE_USER_SCRIPT_SANDBOXING = YES;
				GCC_C_LANGUAGE_STANDARD = gnu17;
				GCC_NO_COMMON_BLOCKS = YES;
				GCC_WARN_64_TO_32_BIT_CONVERSION = YES;
				GCC_WARN_ABOUT_RETURN_TYPE = YES_ERROR;
				GCC_WARN_UNDECLARED_SELECTOR = YES;
				GCC_WARN_UNINITIALIZED_AUTOS = YES_AGGRESSIVE;
				GCC_WARN_UNUSED_FUNCTION = YES;
				GCC_WARN_UNUSED_VARIABLE = YES;
				IPHONEOS_DEPLOYMENT_TARGET = 17.0;
				LOCALIZATION_PREFERS_STRING_CATALOGS = YES;
				MTL_ENABLE_DEBUG_INFO = NO;
				MTL_FAST_MATH = YES;
				SDKROOT = iphoneos;
				SWIFT_COMPILATION_MODE = wholemodule;
				VALIDATE_PRODUCT = YES;
			};
			name = Release;
		};
		B50000000000000000000003 /* Debug */ = {
			isa = XCBuildConfiguration;
			buildSettings = {
				ALWAYS_EMBED_SWIFT_STANDARD_LIBRARIES = YES;
				ASSETCATALOG_COMPILER_APPICON_NAME = AppIcon;
				ASSETCATALOG_COMPILER_GLOBAL_ACCENT_COLOR_NAME = AccentColor;
				CODE_SIGN_ENTITLEMENTS = ProdScore/ProdScore.entitlements;
				CODE_SIGN_STYLE = Automatic;
				DEVELOPMENT_TEAM = 9P472NN37M;
				CURRENT_PROJECT_VERSION = 1;
				GENERATE_INFOPLIST_FILE = YES;
				INFOPLIST_FILE = ProdScore/Info.plist;
				INFOPLIST_KEY_CFBundleDisplayName = ProdScore;
				INFOPLIST_KEY_UIApplicationSceneManifest_Generation = YES;
				INFOPLIST_KEY_UIApplicationSupportsIndirectInputEvents = YES;
				INFOPLIST_KEY_UIStatusBarStyle = UIStatusBarStyleLightContent;
				IPHONEOS_DEPLOYMENT_TARGET = 17.0;
				LD_RUNPATH_SEARCH_PATHS = (
					"$(inherited)",
					"@executable_path/Frameworks",
				);
				MARKETING_VERSION = 1.0;
				PRODUCT_BUNDLE_IDENTIFIER = com.prodscore.app;
				PRODUCT_NAME = "$(TARGET_NAME)";
				SUPPORTED_PLATFORMS = "iphoneos iphonesimulator";
				SUPPORTS_MACCATALYST = NO;
				SWIFT_EMIT_LOC_STRINGS = YES;
				SWIFT_VERSION = 5.0;
				TARGETED_DEVICE_FAMILY = "1,2";
			};
			name = Debug;
		};
		B50000000000000000000004 /* Release */ = {
			isa = XCBuildConfiguration;
			buildSettings = {
				ALWAYS_EMBED_SWIFT_STANDARD_LIBRARIES = YES;
				ASSETCATALOG_COMPILER_APPICON_NAME = AppIcon;
				ASSETCATALOG_COMPILER_GLOBAL_ACCENT_COLOR_NAME = AccentColor;
				CODE_SIGN_ENTITLEMENTS = ProdScore/ProdScore.entitlements;
				CODE_SIGN_STYLE = Automatic;
				DEVELOPMENT_TEAM = 9P472NN37M;
				CURRENT_PROJECT_VERSION = 1;
				GENERATE_INFOPLIST_FILE = YES;
				INFOPLIST_FILE = ProdScore/Info.plist;
				INFOPLIST_KEY_CFBundleDisplayName = ProdScore;
				INFOPLIST_KEY_UIApplicationSceneManifest_Generation = YES;
				INFOPLIST_KEY_UIApplicationSupportsIndirectInputEvents = YES;
				INFOPLIST_KEY_UIStatusBarStyle = UIStatusBarStyleLightContent;
				IPHONEOS_DEPLOYMENT_TARGET = 17.0;
				LD_RUNPATH_SEARCH_PATHS = (
					"$(inherited)",
					"@executable_path/Frameworks",
				);
				MARKETING_VERSION = 1.0;
				PRODUCT_BUNDLE_IDENTIFIER = com.prodscore.app;
				PRODUCT_NAME = "$(TARGET_NAME)";
				SUPPORTED_PLATFORMS = "iphoneos iphonesimulator";
				SUPPORTS_MACCATALYST = NO;
				SWIFT_EMIT_LOC_STRINGS = YES;
				SWIFT_VERSION = 5.0;
				TARGETED_DEVICE_FAMILY = "1,2";
			};
			name = Release;
		};
		B50000000000000000000005 /* Debug */ = {
			isa = XCBuildConfiguration;
			buildSettings = {
				ASSETCATALOG_COMPILER_GLOBAL_ACCENT_COLOR_NAME = AccentColor;
				ASSETCATALOG_COMPILER_WIDGET_BACKGROUND_COLOR_NAME = WidgetBackground;
				CODE_SIGN_ENTITLEMENTS = ProdScoreWidget/ProdScoreWidgetExtension.entitlements;
				CODE_SIGN_STYLE = Automatic;
				DEVELOPMENT_TEAM = 9P472NN37M;
				CURRENT_PROJECT_VERSION = 1;
				GENERATE_INFOPLIST_FILE = YES;
				INFOPLIST_FILE = ProdScoreWidget/Info.plist;
				INFOPLIST_KEY_CFBundleDisplayName = ProdScoreWidget;
				INFOPLIST_KEY_NSHumanReadableCopyright = "";
				IPHONEOS_DEPLOYMENT_TARGET = 17.0;
				LD_RUNPATH_SEARCH_PATHS = (
					"$(inherited)",
					"@executable_path/Frameworks",
					"@executable_path/../../Frameworks",
				);
				MARKETING_VERSION = 1.0;
				PRODUCT_BUNDLE_IDENTIFIER = com.prodscore.app.widget;
				PRODUCT_NAME = "$(TARGET_NAME)";
				SKIP_INSTALL = YES;
				SUPPORTED_PLATFORMS = "iphoneos iphonesimulator";
				SUPPORTS_MACCATALYST = NO;
				SWIFT_EMIT_LOC_STRINGS = YES;
				SWIFT_VERSION = 5.0;
				TARGETED_DEVICE_FAMILY = "1,2";
			};
			name = Debug;
		};
		B50000000000000000000006 /* Release */ = {
			isa = XCBuildConfiguration;
			buildSettings = {
				ASSETCATALOG_COMPILER_GLOBAL_ACCENT_COLOR_NAME = AccentColor;
				ASSETCATALOG_COMPILER_WIDGET_BACKGROUND_COLOR_NAME = WidgetBackground;
				CODE_SIGN_ENTITLEMENTS = ProdScoreWidget/ProdScoreWidgetExtension.entitlements;
				CODE_SIGN_STYLE = Automatic;
				DEVELOPMENT_TEAM = 9P472NN37M;
				CURRENT_PROJECT_VERSION = 1;
				GENERATE_INFOPLIST_FILE = YES;
				INFOPLIST_FILE = ProdScoreWidget/Info.plist;
				INFOPLIST_KEY_CFBundleDisplayName = ProdScoreWidget;
				INFOPLIST_KEY_NSHumanReadableCopyright = "";
				IPHONEOS_DEPLOYMENT_TARGET = 17.0;
				LD_RUNPATH_SEARCH_PATHS = (
					"$(inherited)",
					"@executable_path/Frameworks",
					"@executable_path/../../Frameworks",
				);
				MARKETING_VERSION = 1.0;
				PRODUCT_BUNDLE_IDENTIFIER = com.prodscore.app.widget;
				PRODUCT_NAME = "$(TARGET_NAME)";
				SKIP_INSTALL = YES;
				SUPPORTED_PLATFORMS = "iphoneos iphonesimulator";
				SUPPORTS_MACCATALYST = NO;
				SWIFT_EMIT_LOC_STRINGS = YES;
				SWIFT_VERSION = 5.0;
				TARGETED_DEVICE_FAMILY = "1,2";
			};
			name = Release;
		};
/* End XCBuildConfiguration section */

/* Begin XCConfigurationList section */
		B60000000000000000000001 /* Build configuration list for PBXProject "ProdScore" */ = {
			isa = XCConfigurationList;
			buildConfigurations = (
				B50000000000000000000001 /* Debug */,
				B50000000000000000000002 /* Release */,
			);
			defaultConfigurationIsVisible = 0;
			defaultConfigurationName = Release;
		};
		B60000000000000000000002 /* Build configuration list for PBXNativeTarget "ProdScore" */ = {
			isa = XCConfigurationList;
			buildConfigurations = (
				B50000000000000000000003 /* Debug */,
				B50000000000000000000004 /* Release */,
			);
			defaultConfigurationIsVisible = 0;
			defaultConfigurationName = Release;
		};
		B60000000000000000000003 /* Build configuration list for PBXNativeTarget "ProdScoreWidgetExtension" */ = {
			isa = XCConfigurationList;
			buildConfigurations = (
				B50000000000000000000005 /* Debug */,
				B50000000000000000000006 /* Release */,
			);
			defaultConfigurationIsVisible = 0;
			defaultConfigurationName = Release;
		};
/* End XCConfigurationList section */
	};
	rootObject = B10000000000000000000001 /* Project object */;
}
